
Microsoft Visual Studio Solution File, Format Version 12.00
# Visual Studio 2013
VisualStudioVersion = 12.0.30324.0
MinimumVisualStudioVersion = 10.0.40219.1
Project("{FAE04EC0-301F-11D3-BF4B-00C04F79EFBC}") = "CustomExecute", "App1\App1\CustomExecute.csproj", "{2B6464B2-0B4D-40A8-8E8E-B036FE2A77D3}"
EndProject
Project("{FAE04EC0-301F-11D3-BF4B-00C04F79EFBC}") = "CustomExecute.iOS", "App1\App1.iOS\CustomExecute.iOS.csproj", "{E4396FC3-BF50-4B78-AF8D-B82E51B2087C}"
EndProject
Project("{FAE04EC0-301F-11D3-BF4B-00C04F79EFBC}") = "CustomExecute.Android", "App1\App1.Android\CustomExecute.Android.csproj", "{CFB46F90-4E7B-4F8F-B31E-5DD44C9B8435}"
EndProject
Project("{FAE04EC0-301F-11D3-BF4B-00C04F79EFBC}") = "CustomExecute.WinPhone", "App1\App1.WinPhone\CustomExecute.WinPhone.csproj", "{B49BBB99-2C61-4B1D-BE05-DECACB7B9F1E}"
EndProject
Global
	GlobalSection(SolutionConfigurationPlatforms) = preSolution
		Ad-Hoc|Any CPU = Ad-Hoc|Any CPU
		Ad-Hoc|ARM = Ad-Hoc|ARM
		Ad-Hoc|iPhone = Ad-Hoc|iPhone
		Ad-Hoc|iPhoneSimulator = Ad-Hoc|iPhoneSimulator
		Ad-Hoc|Mixed Platforms = Ad-Hoc|Mixed Platforms
		Ad-Hoc|x86 = Ad-Hoc|x86
		AppStore|Any CPU = AppStore|Any CPU
		AppStore|ARM = AppStore|ARM
		AppStore|iPhone = AppStore|iPhone
		AppStore|iPhoneSimulator = AppStore|iPhoneSimulator
		AppStore|Mixed Platforms = AppStore|Mixed Platforms
		AppStore|x86 = AppStore|x86
		Debug|Any CPU = Debug|Any CPU
		Debug|ARM = Debug|ARM
		Debug|iPhone = Debug|iPhone
		Debug|iPhoneSimulator = Debug|iPhoneSimulator
		Debug|Mixed Platforms = Debug|Mixed Platforms
		Debug|x86 = Debug|x86
		Release|Any CPU = Release|Any CPU
		Release|ARM = Release|ARM
		Release|iPhone = Release|iPhone
		Release|iPhoneSimulator = Release|iPhoneSimulator
		Release|Mixed Platforms = Release|Mixed Platforms
		Release|x86 = Release|x86
	EndGlobalSection
	GlobalSection(ProjectConfigurationPlatforms) = postSolution
		{2B6464B2-0B4D-40A8-8E8E-B036FE2A77D3}.Ad-Hoc|Any CPU.ActiveCfg = Release|Any CPU
		{2B6464B2-0B4D-40A8-8E8E-B036FE2A77D3}.Ad-Hoc|Any CPU.Build.0 = Release|Any CPU
		{2B6464B2-0B4D-40A8-8E8E-B036FE2A77D3}.Ad-Hoc|ARM.ActiveCfg = Release|Any CPU
		{2B6464B2-0B4D-40A8-8E8E-B036FE2A77D3}.Ad-Hoc|iPhone.ActiveCfg = Release|Any CPU
		{2B6464B2-0B4D-40A8-8E8E-B036FE2A77D3}.Ad-Hoc|iPhoneSimulator.ActiveCfg = Release|Any CPU
		{2B6464B2-0B4D-40A8-8E8E-B036FE2A77D3}.Ad-Hoc|Mixed Platforms.ActiveCfg = Release|Any CPU
		{2B6464B2-0B4D-40A8-8E8E-B036FE2A77D3}.Ad-Hoc|Mixed Platforms.Build.0 = Release|Any CPU
		{2B6464B2-0B4D-40A8-8E8E-B036FE2A77D3}.Ad-Hoc|x86.ActiveCfg = Release|Any CPU
		{2B6464B2-0B4D-40A8-8E8E-B036FE2A77D3}.AppStore|Any CPU.ActiveCfg = Release|Any CPU
		{2B6464B2-0B4D-40A8-8E8E-B036FE2A77D3}.AppStore|Any CPU.Build.0 = Release|Any CPU
		{2B6464B2-0B4D-40A8-8E8E-B036FE2A77D3}.AppStore|ARM.ActiveCfg = Release|Any CPU
		{2B6464B2-0B4D-40A8-8E8E-B036FE2A77D3}.AppStore|iPhone.ActiveCfg = Release|Any CPU
		{2B6464B2-0B4D-40A8-8E8E-B036FE2A77D3}.AppStore|iPhoneSimulator.ActiveCfg = Release|Any CPU
		{2B6464B2-0B4D-40A8-8E8E-B036FE2A77D3}.AppStore|Mixed Platforms.ActiveCfg = Release|Any CPU
		{2B6464B2-0B4D-40A8-8E8E-B036FE2A77D3}.AppStore|Mixed Platforms.Build.0 = Release|Any CPU
		{2B6464B2-0B4D-40A8-8E8E-B036FE2A77D3}.AppStore|x86.ActiveCfg = Release|Any CPU
		{2B6464B2-0B4D-40A8-8E8E-B036FE2A77D3}.Debug|Any CPU.ActiveCfg = Debug|Any CPU
		{2B6464B2-0B4D-40A8-8E8E-B036FE2A77D3}.Debug|Any CPU.Build.0 = Debug|Any CPU
		{2B6464B2-0B4D-40A8-8E8E-B036FE2A77D3}.Debug|ARM.ActiveCfg = Debug|Any CPU
		{2B6464B2-0B4D-40A8-8E8E-B036FE2A77D3}.Debug|iPhone.ActiveCfg = Debug|Any CPU
		{2B6464B2-0B4D-40A8-8E8E-B036FE2A77D3}.Debug|iPhoneSimulator.ActiveCfg = Debug|Any CPU
		{2B6464B2-0B4D-40A8-8E8E-B036FE2A77D3}.Debug|Mixed Platforms.ActiveCfg = Debug|Any CPU
		{2B6464B2-0B4D-40A8-8E8E-B036FE2A77D3}.Debug|Mixed Platforms.Build.0 = Debug|Any CPU
		{2B6464B2-0B4D-40A8-8E8E-B036FE2A77D3}.Debug|x86.ActiveCfg = Debug|Any CPU
		{2B6464B2-0B4D-40A8-8E8E-B036FE2A77D3}.Release|Any CPU.ActiveCfg = Release|Any CPU
		{2B6464B2-0B4D-40A8-8E8E-B036FE2A77D3}.Release|Any CPU.Build.0 = Release|Any CPU
		{2B6464B2-0B4D-40A8-8E8E-B036FE2A77D3}.Release|ARM.ActiveCfg = Release|Any CPU
		{2B6464B2-0B4D-40A8-8E8E-B036FE2A77D3}.Release|iPhone.ActiveCfg = Release|Any CPU
		{2B6464B2-0B4D-40A8-8E8E-B036FE2A77D3}.Release|iPhoneSimulator.ActiveCfg = Release|Any CPU
		{2B6464B2-0B4D-40A8-8E8E-B036FE2A77D3}.Release|Mixed Platforms.ActiveCfg = Release|Any CPU
		{2B6464B2-0B4D-40A8-8E8E-B036FE2A77D3}.Release|Mixed Platforms.Build.0 = Release|Any CPU
		{2B6464B2-0B4D-40A8-8E8E-B036FE2A77D3}.Release|x86.ActiveCfg = Release|Any CPU
		{E4396FC3-BF50-4B78-AF8D-B82E51B2087C}.Ad-Hoc|Any CPU.ActiveCfg = Ad-Hoc|iPhone
		{E4396FC3-BF50-4B78-AF8D-B82E51B2087C}.Ad-Hoc|ARM.ActiveCfg = Ad-Hoc|iPhone
		{E4396FC3-BF50-4B78-AF8D-B82E51B2087C}.Ad-Hoc|iPhone.ActiveCfg = Ad-Hoc|iPhone
		{E4396FC3-BF50-4B78-AF8D-B82E51B2087C}.Ad-Hoc|iPhone.Build.0 = Ad-Hoc|iPhone
		{E4396FC3-BF50-4B78-AF8D-B82E51B2087C}.Ad-Hoc|iPhone.Deploy.0 = Ad-Hoc|iPhone
		{E4396FC3-BF50-4B78-AF8D-B82E51B2087C}.Ad-Hoc|iPhoneSimulator.ActiveCfg = Ad-Hoc|iPhoneSimulator
		{E4396FC3-BF50-4B78-AF8D-B82E51B2087C}.Ad-Hoc|iPhoneSimulator.Build.0 = Ad-Hoc|iPhoneSimulator
		{E4396FC3-BF50-4B78-AF8D-B82E51B2087C}.Ad-Hoc|iPhoneSimulator.Deploy.0 = Ad-Hoc|iPhoneSimulator
		{E4396FC3-BF50-4B78-AF8D-B82E51B2087C}.Ad-Hoc|Mixed Platforms.ActiveCfg = Ad-Hoc|iPhone
		{E4396FC3-BF50-4B78-AF8D-B82E51B2087C}.Ad-Hoc|Mixed Platforms.Build.0 = Ad-Hoc|iPhone
		{E4396FC3-BF50-4B78-AF8D-B82E51B2087C}.Ad-Hoc|Mixed Platforms.Deploy.0 = Ad-Hoc|iPhone
		{E4396FC3-BF50-4B78-AF8D-B82E51B2087C}.Ad-Hoc|x86.ActiveCfg = Ad-Hoc|iPhone
		{E4396FC3-BF50-4B78-AF8D-B82E51B2087C}.AppStore|Any CPU.ActiveCfg = AppStore|iPhone
		{E4396FC3-BF50-4B78-AF8D-B82E51B2087C}.AppStore|ARM.ActiveCfg = AppStore|iPhone
		{E4396FC3-BF50-4B78-AF8D-B82E51B2087C}.AppStore|iPhone.ActiveCfg = AppStore|iPhone
		{E4396FC3-BF50-4B78-AF8D-B82E51B2087C}.AppStore|iPhone.Build.0 = AppStore|iPhone
		{E4396FC3-BF50-4B78-AF8D-B82E51B2087C}.AppStore|iPhone.Deploy.0 = AppStore|iPhone
		{E4396FC3-BF50-4B78-AF8D-B82E51B2087C}.AppStore|iPhoneSimulator.ActiveCfg = AppStore|iPhoneSimulator
		{E4396FC3-BF50-4B78-AF8D-B82E51B2087C}.AppStore|iPhoneSimulator.Build.0 = AppStore|iPhoneSimulator
		{E4396FC3-BF50-4B78-AF8D-B82E51B2087C}.AppStore|iPhoneSimulator.Deploy.0 = AppStore|iPhoneSimulator
		{E4396FC3-BF50-4B78-AF8D-B82E51B2087C}.AppStore|Mixed Platforms.ActiveCfg = AppStore|iPhone
		{E4396FC3-BF50-4B78-AF8D-B82E51B2087C}.AppStore|Mixed Platforms.Build.0 = AppStore|iPhone
		{E4396FC3-BF50-4B78-AF8D-B82E51B2087C}.AppStore|Mixed Platforms.Deploy.0 = AppStore|iPhone
		{E4396FC3-BF50-4B78-AF8D-B82E51B2087C}.AppStore|x86.ActiveCfg = AppStore|iPhone
		{E4396FC3-BF50-4B78-AF8D-B82E51B2087C}.Debug|Any CPU.ActiveCfg = Debug|iPhone
		{E4396FC3-BF50-4B78-AF8D-B82E51B2087C}.Debug|ARM.ActiveCfg = Debug|iPhone
		{E4396FC3-BF50-4B78-AF8D-B82E51B2087C}.Debug|iPhone.ActiveCfg = Debug|iPhone
		{E4396FC3-BF50-4B78-AF8D-B82E51B2087C}.Debug|iPhone.Build.0 = Debug|iPhone
		{E4396FC3-BF50-4B78-AF8D-B82E51B2087C}.Debug|iPhone.Deploy.0 = Debug|iPhone
		{E4396FC3-BF50-4B78-AF8D-B82E51B2087C}.Debug|iPhoneSimulator.ActiveCfg = Debug|iPhoneSimulator
		{E4396FC3-BF50-4B78-AF8D-B82E51B2087C}.Debug|iPhoneSimulator.Build.0 = Debug|iPhoneSimulator
		{E4396FC3-BF50-4B78-AF8D-B82E51B2087C}.Debug|iPhoneSimulator.Deploy.0 = Debug|iPhoneSimulator
		{E4396FC3-BF50-4B78-AF8D-B82E51B2087C}.Debug|Mixed Platforms.ActiveCfg = Debug|iPhone
		{E4396FC3-BF50-4B78-AF8D-B82E51B2087C}.Debug|Mixed Platforms.Build.0 = Debug|iPhone
		{E4396FC3-BF50-4B78-AF8D-B82E51B2087C}.Debug|Mixed Platforms.Deploy.0 = Debug|iPhone
		{E4396FC3-BF50-4B78-AF8D-B82E51B2087C}.Debug|x86.ActiveCfg = Debug|iPhone
		{E4396FC3-BF50-4B78-AF8D-B82E51B2087C}.Release|Any CPU.ActiveCfg = Release|iPhone
		{E4396FC3-BF50-4B78-AF8D-B82E51B2087C}.Release|ARM.ActiveCfg = Release|iPhone
		{E4396FC3-BF50-4B78-AF8D-B82E51B2087C}.Release|iPhone.ActiveCfg = Release|iPhone
		{E4396FC3-BF50-4B78-AF8D-B82E51B2087C}.Release|iPhone.Build.0 = Release|iPhone
		{E4396FC3-BF50-4B78-AF8D-B82E51B2087C}.Release|iPhone.Deploy.0 = Release|iPhone
		{E4396FC3-BF50-4B78-AF8D-B82E51B2087C}.Release|iPhoneSimulator.ActiveCfg = Release|iPhoneSimulator
		{E4396FC3-BF50-4B78-AF8D-B82E51B2087C}.Release|iPhoneSimulator.Build.0 = Release|iPhoneSimulator
		{E4396FC3-BF50-4B78-AF8D-B82E51B2087C}.Release|iPhoneSimulator.Deploy.0 = Release|iPhoneSimulator
		{E4396FC3-BF50-4B78-AF8D-B82E51B2087C}.Release|Mixed Platforms.ActiveCfg = Release|iPhone
		{E4396FC3-BF50-4B78-AF8D-B82E51B2087C}.Release|Mixed Platforms.Build.0 = Release|iPhone
		{E4396FC3-BF50-4B78-AF8D-B82E51B2087C}.Release|Mixed Platforms.Deploy.0 = Release|iPhone
		{E4396FC3-BF50-4B78-AF8D-B82E51B2087C}.Release|x86.ActiveCfg = Release|iPhone
		{CFB46F90-4E7B-4F8F-B31E-5DD44C9B8435}.Ad-Hoc|Any CPU.ActiveCfg = Release|Any CPU
		{CFB46F90-4E7B-4F8F-B31E-5DD44C9B8435}.Ad-Hoc|Any CPU.Build.0 = Release|Any CPU
		{CFB46F90-4E7B-4F8F-B31E-5DD44C9B8435}.Ad-Hoc|Any CPU.Deploy.0 = Release|Any CPU
		{CFB46F90-4E7B-4F8F-B31E-5DD44C9B8435}.Ad-Hoc|ARM.ActiveCfg = Release|Any CPU
		{CFB46F90-4E7B-4F8F-B31E-5DD44C9B8435}.Ad-Hoc|iPhone.ActiveCfg = Release|Any CPU
		{CFB46F90-4E7B-4F8F-B31E-5DD44C9B8435}.Ad-Hoc|iPhoneSimulator.ActiveCfg = Release|Any CPU
		{CFB46F90-4E7B-4F8F-B31E-5DD44C9B8435}.Ad-Hoc|Mixed Platforms.ActiveCfg = Release|Any CPU
		{CFB46F90-4E7B-4F8F-B31E-5DD44C9B8435}.Ad-Hoc|Mixed Platforms.Build.0 = Release|Any CPU
		{CFB46F90-4E7B-4F8F-B31E-5DD44C9B8435}.Ad-Hoc|Mixed Platforms.Deploy.0 = Release|Any CPU
		{CFB46F90-4E7B-4F8F-B31E-5DD44C9B8435}.Ad-Hoc|x86.ActiveCfg = Release|Any CPU
		{CFB46F90-4E7B-4F8F-B31E-5DD44C9B8435}.AppStore|Any CPU.ActiveCfg = Release|Any CPU
		{CFB46F90-4E7B-4F8F-B31E-5DD44C9B8435}.AppStore|Any CPU.Build.0 = Release|Any CPU
		{CFB46F90-4E7B-4F8F-B31E-5DD44C9B8435}.AppStore|Any CPU.Deploy.0 = Release|Any CPU
		{CFB46F90-4E7B-4F8F-B31E-5DD44C9B8435}.AppStore|ARM.ActiveCfg = Release|Any CPU
		{CFB46F90-4E7B-4F8F-B31E-5DD44C9B8435}.AppStore|iPhone.ActiveCfg = Release|Any CPU
		{CFB46F90-4E7B-4F8F-B31E-5DD44C9B8435}.AppStore|iPhoneSimulator.ActiveCfg = Release|Any CPU
		{CFB46F90-4E7B-4F8F-B31E-5DD44C9B8435}.AppStore|Mixed Platforms.ActiveCfg = Release|Any CPU
		{CFB46F90-4E7B-4F8F-B31E-5DD44C9B8435}.AppStore|Mixed Platforms.Build.0 = Release|Any CPU
		{CFB46F90-4E7B-4F8F-B31E-5DD44C9B8435}.AppStore|Mixed Platforms.Deploy.0 = Release|Any CPU
		{CFB46F90-4E7B-4F8F-B31E-5DD44C9B8435}.AppStore|x86.ActiveCfg = Release|Any CPU
		{CFB46F90-4E7B-4F8F-B31E-5DD44C9B8435}.Debug|Any CPU.ActiveCfg = Debug|Any CPU
		{CFB46F90-4E7B-4F8F-B31E-5DD44C9B8435}.Debug|Any CPU.Build.0 = Debug|Any CPU
		{CFB46F90-4E7B-4F8F-B31E-5DD44C9B8435}.Debug|Any CPU.Deploy.0 = Debug|Any CPU
		{CFB46F90-4E7B-4F8F-B31E-5DD44C9B8435}.Debug|ARM.ActiveCfg = Debug|Any CPU
		{CFB46F90-4E7B-4F8F-B31E-5DD44C9B8435}.Debug|iPhone.ActiveCfg = Debug|Any CPU
		{CFB46F90-4E7B-4F8F-B31E-5DD44C9B8435}.Debug|iPhoneSimulator.ActiveCfg = Debug|Any CPU
		{CFB46F90-4E7B-4F8F-B31E-5DD44C9B8435}.Debug|iPhoneSimulator.Build.0 = Debug|Any CPU
		{CFB46F90-4E7B-4F8F-B31E-5DD44C9B8435}.Debug|iPhoneSimulator.Deploy.0 = Debug|Any CPU
		{CFB46F90-4E7B-4F8F-B31E-5DD44C9B8435}.Debug|Mixed Platforms.ActiveCfg = Debug|Any CPU
		{CFB46F90-4E7B-4F8F-B31E-5DD44C9B8435}.Debug|Mixed Platforms.Build.0 = Debug|Any CPU
		{CFB46F90-4E7B-4F8F-B31E-5DD44C9B8435}.Debug|Mixed Platforms.Deploy.0 = Debug|Any CPU
		{CFB46F90-4E7B-4F8F-B31E-5DD44C9B8435}.Debug|x86.ActiveCfg = Debug|Any CPU
		{CFB46F90-4E7B-4F8F-B31E-5DD44C9B8435}.Release|Any CPU.ActiveCfg = Release|Any CPU
		{CFB46F90-4E7B-4F8F-B31E-5DD44C9B8435}.Release|Any CPU.Build.0 = Release|Any CPU
		{CFB46F90-4E7B-4F8F-B31E-5DD44C9B8435}.Release|Any CPU.Deploy.0 = Release|Any CPU
		{CFB46F90-4E7B-4F8F-B31E-5DD44C9B8435}.Release|ARM.ActiveCfg = Release|Any CPU
		{CFB46F90-4E7B-4F8F-B31E-5DD44C9B8435}.Release|iPhone.ActiveCfg = Release|Any CPU
		{CFB46F90-4E7B-4F8F-B31E-5DD44C9B8435}.Release|iPhoneSimulator.ActiveCfg = Release|Any CPU
		{CFB46F90-4E7B-4F8F-B31E-5DD44C9B8435}.Release|Mixed Platforms.ActiveCfg = Release|Any CPU
		{CFB46F90-4E7B-4F8F-B31E-5DD44C9B8435}.Release|Mixed Platforms.Build.0 = Release|Any CPU
		{CFB46F90-4E7B-4F8F-B31E-5DD44C9B8435}.Release|Mixed Platforms.Deploy.0 = Release|Any CPU
		{CFB46F90-4E7B-4F8F-B31E-5DD44C9B8435}.Release|x86.ActiveCfg = Release|Any CPU
		{B49BBB99-2C61-4B1D-BE05-DECACB7B9F1E}.Ad-Hoc|Any CPU.ActiveCfg = Release|Any CPU
		{B49BBB99-2C61-4B1D-BE05-DECACB7B9F1E}.Ad-Hoc|Any CPU.Build.0 = Release|Any CPU
		{B49BBB99-2C61-4B1D-BE05-DECACB7B9F1E}.Ad-Hoc|Any CPU.Deploy.0 = Release|Any CPU
		{B49BBB99-2C61-4B1D-BE05-DECACB7B9F1E}.Ad-Hoc|ARM.ActiveCfg = Release|ARM
		{B49BBB99-2C61-4B1D-BE05-DECACB7B9F1E}.Ad-Hoc|ARM.Build.0 = Release|ARM
		{B49BBB99-2C61-4B1D-BE05-DECACB7B9F1E}.Ad-Hoc|ARM.Deploy.0 = Release|ARM
		{B49BBB99-2C61-4B1D-BE05-DECACB7B9F1E}.Ad-Hoc|iPhone.ActiveCfg = Release|Any CPU
		{B49BBB99-2C61-4B1D-BE05-DECACB7B9F1E}.Ad-Hoc|iPhoneSimulator.ActiveCfg = Release|Any CPU
		{B49BBB99-2C61-4B1D-BE05-DECACB7B9F1E}.Ad-Hoc|Mixed Platforms.ActiveCfg = Release|x86
		{B49BBB99-2C61-4B1D-BE05-DECACB7B9F1E}.Ad-Hoc|Mixed Platforms.Build.0 = Release|x86
		{B49BBB99-2C61-4B1D-BE05-DECACB7B9F1E}.Ad-Hoc|Mixed Platforms.Deploy.0 = Release|x86
		{B49BBB99-2C61-4B1D-BE05-DECACB7B9F1E}.Ad-Hoc|x86.ActiveCfg = Release|x86
		{B49BBB99-2C61-4B1D-BE05-DECACB7B9F1E}.Ad-Hoc|x86.Build.0 = Release|x86
		{B49BBB99-2C61-4B1D-BE05-DECACB7B9F1E}.Ad-Hoc|x86.Deploy.0 = Release|x86
		{B49BBB99-2C61-4B1D-BE05-DECACB7B9F1E}.AppStore|Any CPU.ActiveCfg = Release|Any CPU
		{B49BBB99-2C61-4B1D-BE05-DECACB7B9F1E}.AppStore|Any CPU.Build.0 = Release|Any CPU
		{B49BBB99-2C61-4B1D-BE05-DECACB7B9F1E}.AppStore|Any CPU.Deploy.0 = Release|Any CPU
		{B49BBB99-2C61-4B1D-BE05-DECACB7B9F1E}.AppStore|ARM.ActiveCfg = Release|ARM
		{B49BBB99-2C61-4B1D-BE05-DECACB7B9F1E}.AppStore|ARM.Build.0 = Release|ARM
		{B49BBB99-2C61-4B1D-BE05-DECACB7B9F1E}.AppStore|ARM.Deploy.0 = Release|ARM
		{B49BBB99-2C61-4B1D-BE05-DECACB7B9F1E}.AppStore|iPhone.ActiveCfg = Release|Any CPU
		{B49BBB99-2C61-4B1D-BE05-DECACB7B9F1E}.AppStore|iPhoneSimulator.ActiveCfg = Release|Any CPU
		{B49BBB99-2C61-4B1D-BE05-DECACB7B9F1E}.AppStore|Mixed Platforms.ActiveCfg = Release|x86
		{B49BBB99-2C61-4B1D-BE05-DECACB7B9F1E}.AppStore|Mixed Platforms.Build.0 = Release|x86
		{B49BBB99-2C61-4B1D-BE05-DECACB7B9F1E}.AppStore|Mixed Platforms.Deploy.0 = Release|x86
		{B49BBB99-2C61-4B1D-BE05-DECACB7B9F1E}.AppStore|x86.ActiveCfg = Release|x86
		{B49BBB99-2C61-4B1D-BE05-DECACB7B9F1E}.AppStore|x86.Build.0 = Release|x86
		{B49BBB99-2C61-4B1D-BE05-DECACB7B9F1E}.AppStore|x86.Deploy.0 = Release|x86
		{B49BBB99-2C61-4B1D-BE05-DECACB7B9F1E}.Debug|Any CPU.ActiveCfg = Debug|Any CPU
		{B49BBB99-2C61-4B1D-BE05-DECACB7B9F1E}.Debug|Any CPU.Build.0 = Debug|Any CPU
		{B49BBB99-2C61-4B1D-BE05-DECACB7B9F1E}.Debug|Any CPU.Deploy.0 = Debug|Any CPU
		{B49BBB99-2C61-4B1D-BE05-DECACB7B9F1E}.Debug|ARM.ActiveCfg = Debug|ARM
		{B49BBB99-2C61-4B1D-BE05-DECACB7B9F1E}.Debug|ARM.Build.0 = Debug|ARM
		{B49BBB99-2C61-4B1D-BE05-DECACB7B9F1E}.Debug|ARM.Deploy.0 = Debug|ARM
		{B49BBB99-2C61-4B1D-BE05-DECACB7B9F1E}.Debug|iPhone.ActiveCfg = Debug|Any CPU
		{B49BBB99-2C61-4B1D-BE05-DECACB7B9F1E}.Debug|iPhoneSimulator.ActiveCfg = Debug|Any CPU
		{B49BBB99-2C61-4B1D-BE05-DECACB7B9F1E}.Debug|Mixed Platforms.ActiveCfg = Debug|x86
		{B49BBB99-2C61-4B1D-BE05-DECACB7B9F1E}.Debug|Mixed Platforms.Build.0 = Debug|x86
		{B49BBB99-2C61-4B1D-BE05-DECACB7B9F1E}.Debug|Mixed Platforms.Deploy.0 = Debug|x86
		{B49BBB99-2C61-4B1D-BE05-DECACB7B9F1E}.Debug|x86.ActiveCfg = Debug|x86
		{B49BBB99-2C61-4B1D-BE05-DECACB7B9F1E}.Debug|x86.Build.0 = Debug|x86
		{B49BBB99-2C61-4B1D-BE05-DECACB7B9F1E}.Debug|x86.Deploy.0 = Debug|x86
		{B49BBB99-2C61-4B1D-BE05-DECACB7B9F1E}.Release|Any CPU.ActiveCfg = Release|Any CPU
		{B49BBB99-2C61-4B1D-BE05-DECACB7B9F1E}.Release|Any CPU.Build.0 = Release|Any CPU
		{B49BBB99-2C61-4B1D-BE05-DECACB7B9F1E}.Release|Any CPU.Deploy.0 = Release|Any CPU
		{B49BBB99-2C61-4B1D-BE05-DECACB7B9F1E}.Release|ARM.ActiveCfg = Release|ARM
		{B49BBB99-2C61-4B1D-BE05-DECACB7B9F1E}.Release|ARM.Build.0 = Release|ARM
		{B49BBB99-2C61-4B1D-BE05-DECACB7B9F1E}.Release|ARM.Deploy.0 = Release|ARM
		{B49BBB99-2C61-4B1D-BE05-DECACB7B9F1E}.Release|iPhone.ActiveCfg = Release|Any CPU
		{B49BBB99-2C61-4B1D-BE05-DECACB7B9F1E}.Release|iPhoneSimulator.ActiveCfg = Release|Any CPU
		{B49BBB99-2C61-4B1D-BE05-DECACB7B9F1E}.Release|Mixed Platforms.ActiveCfg = Release|x86
		{B49BBB99-2C61-4B1D-BE05-DECACB7B9F1E}.Release|Mixed Platforms.Build.0 = Release|x86
		{B49BBB99-2C61-4B1D-BE05-DECACB7B9F1E}.Release|Mixed Platforms.Deploy.0 = Release|x86
		{B49BBB99-2C61-4B1D-BE05-DECACB7B9F1E}.Release|x86.ActiveCfg = Release|x86
		{B49BBB99-2C61-4B1D-BE05-DECACB7B9F1E}.Release|x86.Build.0 = Release|x86
		{B49BBB99-2C61-4B1D-BE05-DECACB7B9F1E}.Release|x86.Deploy.0 = Release|x86
	EndGlobalSection
	GlobalSection(SolutionProperties) = preSolution
		HideSolutionNode = FALSE
	EndGlobalSection
EndGlobal
