
Microsoft Visual Studio Solution File, Format Version 12.00
# Visual Studio 2012
VisualStudioVersion = 12.0.30324.0
MinimumVisualStudioVersion = 10.0.40219.1
Project("{FAE04EC0-301F-11D3-BF4B-00C04F79EFBC}") = "TechEdDemo", "TechEdDemo\TechEdDemo\TechEdDemo.csproj", "{9735BCE1-83C6-46AA-A5F8-2A935EA3A999}"
EndProject
Project("{FAE04EC0-301F-11D3-BF4B-00C04F79EFBC}") = "TechEdDemo.iOS", "TechEdDemo\TechEdDemo.iOS\TechEdDemo.iOS.csproj", "{684BFFE6-8035-46B3-8EB1-1D70086BFFD8}"
EndProject
Project("{FAE04EC0-301F-11D3-BF4B-00C04F79EFBC}") = "TechEdDemo.Android", "TechEdDemo\TechEdDemo.Android\TechEdDemo.Android.csproj", "{E347F77F-2964-4DB5-913A-3E6F1169275D}"
EndProject
Project("{FAE04EC0-301F-11D3-BF4B-00C04F79EFBC}") = "TechEdDemo.WinPhone", "TechEdDemo\TechEdDemo.WinPhone\TechEdDemo.WinPhone.csproj", "{841AE49C-03EA-4C5D-AB2A-F730A4D6CE84}"
EndProject
Global
	GlobalSection(SolutionConfigurationPlatforms) = preSolution
		Ad-Hoc|Any CPU = Ad-Hoc|Any CPU
		Ad-Hoc|ARM = Ad-Hoc|ARM
		Ad-Hoc|iPhone = Ad-Hoc|iPhone
		Ad-Hoc|iPhoneSimulator = Ad-Hoc|iPhoneSimulator
		Ad-Hoc|Mixed Platforms = Ad-Hoc|Mixed Platforms
		Ad-Hoc|x86 = Ad-Hoc|x86
		AppStore|Any CPU = AppStore|Any CPU
		AppStore|ARM = AppStore|ARM
		AppStore|iPhone = AppStore|iPhone
		AppStore|iPhoneSimulator = AppStore|iPhoneSimulator
		AppStore|Mixed Platforms = AppStore|Mixed Platforms
		AppStore|x86 = AppStore|x86
		Debug|Any CPU = Debug|Any CPU
		Debug|ARM = Debug|ARM
		Debug|iPhone = Debug|iPhone
		Debug|iPhoneSimulator = Debug|iPhoneSimulator
		Debug|Mixed Platforms = Debug|Mixed Platforms
		Debug|x86 = Debug|x86
		Release|Any CPU = Release|Any CPU
		Release|ARM = Release|ARM
		Release|iPhone = Release|iPhone
		Release|iPhoneSimulator = Release|iPhoneSimulator
		Release|Mixed Platforms = Release|Mixed Platforms
		Release|x86 = Release|x86
	EndGlobalSection
	GlobalSection(ProjectConfigurationPlatforms) = postSolution
		{684BFFE6-8035-46B3-8EB1-1D70086BFFD8}.Ad-Hoc|Any CPU.ActiveCfg = Ad-Hoc|iPhone
		{684BFFE6-8035-46B3-8EB1-1D70086BFFD8}.Ad-Hoc|ARM.ActiveCfg = Ad-Hoc|iPhone
		{684BFFE6-8035-46B3-8EB1-1D70086BFFD8}.Ad-Hoc|iPhone.ActiveCfg = Ad-Hoc|iPhone
		{684BFFE6-8035-46B3-8EB1-1D70086BFFD8}.Ad-Hoc|iPhone.Build.0 = Ad-Hoc|iPhone
		{684BFFE6-8035-46B3-8EB1-1D70086BFFD8}.Ad-Hoc|iPhoneSimulator.ActiveCfg = Ad-Hoc|iPhoneSimulator
		{684BFFE6-8035-46B3-8EB1-1D70086BFFD8}.Ad-Hoc|iPhoneSimulator.Build.0 = Ad-Hoc|iPhoneSimulator
		{684BFFE6-8035-46B3-8EB1-1D70086BFFD8}.Ad-Hoc|Mixed Platforms.ActiveCfg = Ad-Hoc|iPhone
		{684BFFE6-8035-46B3-8EB1-1D70086BFFD8}.Ad-Hoc|Mixed Platforms.Build.0 = Ad-Hoc|iPhone
		{684BFFE6-8035-46B3-8EB1-1D70086BFFD8}.Ad-Hoc|x86.ActiveCfg = Ad-Hoc|iPhone
		{684BFFE6-8035-46B3-8EB1-1D70086BFFD8}.AppStore|Any CPU.ActiveCfg = AppStore|iPhone
		{684BFFE6-8035-46B3-8EB1-1D70086BFFD8}.AppStore|ARM.ActiveCfg = AppStore|iPhone
		{684BFFE6-8035-46B3-8EB1-1D70086BFFD8}.AppStore|iPhone.ActiveCfg = AppStore|iPhone
		{684BFFE6-8035-46B3-8EB1-1D70086BFFD8}.AppStore|iPhone.Build.0 = AppStore|iPhone
		{684BFFE6-8035-46B3-8EB1-1D70086BFFD8}.AppStore|iPhoneSimulator.ActiveCfg = AppStore|iPhoneSimulator
		{684BFFE6-8035-46B3-8EB1-1D70086BFFD8}.AppStore|iPhoneSimulator.Build.0 = AppStore|iPhoneSimulator
		{684BFFE6-8035-46B3-8EB1-1D70086BFFD8}.AppStore|Mixed Platforms.ActiveCfg = AppStore|iPhone
		{684BFFE6-8035-46B3-8EB1-1D70086BFFD8}.AppStore|Mixed Platforms.Build.0 = AppStore|iPhone
		{684BFFE6-8035-46B3-8EB1-1D70086BFFD8}.AppStore|x86.ActiveCfg = AppStore|iPhone
		{684BFFE6-8035-46B3-8EB1-1D70086BFFD8}.Debug|Any CPU.ActiveCfg = Debug|iPhone
		{684BFFE6-8035-46B3-8EB1-1D70086BFFD8}.Debug|ARM.ActiveCfg = Debug|iPhone
		{684BFFE6-8035-46B3-8EB1-1D70086BFFD8}.Debug|iPhone.ActiveCfg = Debug|iPhone
		{684BFFE6-8035-46B3-8EB1-1D70086BFFD8}.Debug|iPhone.Build.0 = Debug|iPhone
		{684BFFE6-8035-46B3-8EB1-1D70086BFFD8}.Debug|iPhoneSimulator.ActiveCfg = Debug|iPhoneSimulator
		{684BFFE6-8035-46B3-8EB1-1D70086BFFD8}.Debug|iPhoneSimulator.Build.0 = Debug|iPhoneSimulator
		{684BFFE6-8035-46B3-8EB1-1D70086BFFD8}.Debug|Mixed Platforms.ActiveCfg = Debug|iPhone
		{684BFFE6-8035-46B3-8EB1-1D70086BFFD8}.Debug|Mixed Platforms.Build.0 = Debug|iPhone
		{684BFFE6-8035-46B3-8EB1-1D70086BFFD8}.Debug|x86.ActiveCfg = Debug|iPhone
		{684BFFE6-8035-46B3-8EB1-1D70086BFFD8}.Release|Any CPU.ActiveCfg = Release|iPhone
		{684BFFE6-8035-46B3-8EB1-1D70086BFFD8}.Release|ARM.ActiveCfg = Release|iPhone
		{684BFFE6-8035-46B3-8EB1-1D70086BFFD8}.Release|iPhone.ActiveCfg = Release|iPhone
		{684BFFE6-8035-46B3-8EB1-1D70086BFFD8}.Release|iPhone.Build.0 = Release|iPhone
		{684BFFE6-8035-46B3-8EB1-1D70086BFFD8}.Release|iPhoneSimulator.ActiveCfg = Release|iPhoneSimulator
		{684BFFE6-8035-46B3-8EB1-1D70086BFFD8}.Release|iPhoneSimulator.Build.0 = Release|iPhoneSimulator
		{684BFFE6-8035-46B3-8EB1-1D70086BFFD8}.Release|Mixed Platforms.ActiveCfg = Release|iPhone
		{684BFFE6-8035-46B3-8EB1-1D70086BFFD8}.Release|Mixed Platforms.Build.0 = Release|iPhone
		{684BFFE6-8035-46B3-8EB1-1D70086BFFD8}.Release|x86.ActiveCfg = Release|iPhone
		{841AE49C-03EA-4C5D-AB2A-F730A4D6CE84}.Ad-Hoc|Any CPU.ActiveCfg = Release|Any CPU
		{841AE49C-03EA-4C5D-AB2A-F730A4D6CE84}.Ad-Hoc|Any CPU.Build.0 = Release|Any CPU
		{841AE49C-03EA-4C5D-AB2A-F730A4D6CE84}.Ad-Hoc|Any CPU.Deploy.0 = Release|Any CPU
		{841AE49C-03EA-4C5D-AB2A-F730A4D6CE84}.Ad-Hoc|ARM.ActiveCfg = Release|ARM
		{841AE49C-03EA-4C5D-AB2A-F730A4D6CE84}.Ad-Hoc|ARM.Build.0 = Release|ARM
		{841AE49C-03EA-4C5D-AB2A-F730A4D6CE84}.Ad-Hoc|ARM.Deploy.0 = Release|ARM
		{841AE49C-03EA-4C5D-AB2A-F730A4D6CE84}.Ad-Hoc|iPhone.ActiveCfg = Release|Any CPU
		{841AE49C-03EA-4C5D-AB2A-F730A4D6CE84}.Ad-Hoc|iPhoneSimulator.ActiveCfg = Release|Any CPU
		{841AE49C-03EA-4C5D-AB2A-F730A4D6CE84}.Ad-Hoc|Mixed Platforms.ActiveCfg = Release|x86
		{841AE49C-03EA-4C5D-AB2A-F730A4D6CE84}.Ad-Hoc|Mixed Platforms.Build.0 = Release|x86
		{841AE49C-03EA-4C5D-AB2A-F730A4D6CE84}.Ad-Hoc|Mixed Platforms.Deploy.0 = Release|x86
		{841AE49C-03EA-4C5D-AB2A-F730A4D6CE84}.Ad-Hoc|x86.ActiveCfg = Release|x86
		{841AE49C-03EA-4C5D-AB2A-F730A4D6CE84}.Ad-Hoc|x86.Build.0 = Release|x86
		{841AE49C-03EA-4C5D-AB2A-F730A4D6CE84}.Ad-Hoc|x86.Deploy.0 = Release|x86
		{841AE49C-03EA-4C5D-AB2A-F730A4D6CE84}.AppStore|Any CPU.ActiveCfg = Release|Any CPU
		{841AE49C-03EA-4C5D-AB2A-F730A4D6CE84}.AppStore|Any CPU.Build.0 = Release|Any CPU
		{841AE49C-03EA-4C5D-AB2A-F730A4D6CE84}.AppStore|Any CPU.Deploy.0 = Release|Any CPU
		{841AE49C-03EA-4C5D-AB2A-F730A4D6CE84}.AppStore|ARM.ActiveCfg = Release|ARM
		{841AE49C-03EA-4C5D-AB2A-F730A4D6CE84}.AppStore|ARM.Build.0 = Release|ARM
		{841AE49C-03EA-4C5D-AB2A-F730A4D6CE84}.AppStore|ARM.Deploy.0 = Release|ARM
		{841AE49C-03EA-4C5D-AB2A-F730A4D6CE84}.AppStore|iPhone.ActiveCfg = Release|Any CPU
		{841AE49C-03EA-4C5D-AB2A-F730A4D6CE84}.AppStore|iPhoneSimulator.ActiveCfg = Release|Any CPU
		{841AE49C-03EA-4C5D-AB2A-F730A4D6CE84}.AppStore|Mixed Platforms.ActiveCfg = Release|x86
		{841AE49C-03EA-4C5D-AB2A-F730A4D6CE84}.AppStore|Mixed Platforms.Build.0 = Release|x86
		{841AE49C-03EA-4C5D-AB2A-F730A4D6CE84}.AppStore|Mixed Platforms.Deploy.0 = Release|x86
		{841AE49C-03EA-4C5D-AB2A-F730A4D6CE84}.AppStore|x86.ActiveCfg = Release|x86
		{841AE49C-03EA-4C5D-AB2A-F730A4D6CE84}.AppStore|x86.Build.0 = Release|x86
		{841AE49C-03EA-4C5D-AB2A-F730A4D6CE84}.AppStore|x86.Deploy.0 = Release|x86
		{841AE49C-03EA-4C5D-AB2A-F730A4D6CE84}.Debug|Any CPU.ActiveCfg = Debug|Any CPU
		{841AE49C-03EA-4C5D-AB2A-F730A4D6CE84}.Debug|Any CPU.Build.0 = Debug|Any CPU
		{841AE49C-03EA-4C5D-AB2A-F730A4D6CE84}.Debug|Any CPU.Deploy.0 = Debug|Any CPU
		{841AE49C-03EA-4C5D-AB2A-F730A4D6CE84}.Debug|ARM.ActiveCfg = Debug|ARM
		{841AE49C-03EA-4C5D-AB2A-F730A4D6CE84}.Debug|ARM.Build.0 = Debug|ARM
		{841AE49C-03EA-4C5D-AB2A-F730A4D6CE84}.Debug|ARM.Deploy.0 = Debug|ARM
		{841AE49C-03EA-4C5D-AB2A-F730A4D6CE84}.Debug|iPhone.ActiveCfg = Debug|Any CPU
		{841AE49C-03EA-4C5D-AB2A-F730A4D6CE84}.Debug|iPhoneSimulator.ActiveCfg = Debug|Any CPU
		{841AE49C-03EA-4C5D-AB2A-F730A4D6CE84}.Debug|Mixed Platforms.ActiveCfg = Debug|x86
		{841AE49C-03EA-4C5D-AB2A-F730A4D6CE84}.Debug|Mixed Platforms.Build.0 = Debug|x86
		{841AE49C-03EA-4C5D-AB2A-F730A4D6CE84}.Debug|Mixed Platforms.Deploy.0 = Debug|x86
		{841AE49C-03EA-4C5D-AB2A-F730A4D6CE84}.Debug|x86.ActiveCfg = Debug|x86
		{841AE49C-03EA-4C5D-AB2A-F730A4D6CE84}.Debug|x86.Build.0 = Debug|x86
		{841AE49C-03EA-4C5D-AB2A-F730A4D6CE84}.Debug|x86.Deploy.0 = Debug|x86
		{841AE49C-03EA-4C5D-AB2A-F730A4D6CE84}.Release|Any CPU.ActiveCfg = Release|Any CPU
		{841AE49C-03EA-4C5D-AB2A-F730A4D6CE84}.Release|Any CPU.Build.0 = Release|Any CPU
		{841AE49C-03EA-4C5D-AB2A-F730A4D6CE84}.Release|Any CPU.Deploy.0 = Release|Any CPU
		{841AE49C-03EA-4C5D-AB2A-F730A4D6CE84}.Release|ARM.ActiveCfg = Release|ARM
		{841AE49C-03EA-4C5D-AB2A-F730A4D6CE84}.Release|ARM.Build.0 = Release|ARM
		{841AE49C-03EA-4C5D-AB2A-F730A4D6CE84}.Release|ARM.Deploy.0 = Release|ARM
		{841AE49C-03EA-4C5D-AB2A-F730A4D6CE84}.Release|iPhone.ActiveCfg = Release|Any CPU
		{841AE49C-03EA-4C5D-AB2A-F730A4D6CE84}.Release|iPhoneSimulator.ActiveCfg = Release|Any CPU
		{841AE49C-03EA-4C5D-AB2A-F730A4D6CE84}.Release|Mixed Platforms.ActiveCfg = Release|x86
		{841AE49C-03EA-4C5D-AB2A-F730A4D6CE84}.Release|Mixed Platforms.Build.0 = Release|x86
		{841AE49C-03EA-4C5D-AB2A-F730A4D6CE84}.Release|Mixed Platforms.Deploy.0 = Release|x86
		{841AE49C-03EA-4C5D-AB2A-F730A4D6CE84}.Release|x86.ActiveCfg = Release|x86
		{841AE49C-03EA-4C5D-AB2A-F730A4D6CE84}.Release|x86.Build.0 = Release|x86
		{841AE49C-03EA-4C5D-AB2A-F730A4D6CE84}.Release|x86.Deploy.0 = Release|x86
		{9735BCE1-83C6-46AA-A5F8-2A935EA3A999}.Ad-Hoc|Any CPU.ActiveCfg = Release|Any CPU
		{9735BCE1-83C6-46AA-A5F8-2A935EA3A999}.Ad-Hoc|Any CPU.Build.0 = Release|Any CPU
		{9735BCE1-83C6-46AA-A5F8-2A935EA3A999}.Ad-Hoc|ARM.ActiveCfg = Release|Any CPU
		{9735BCE1-83C6-46AA-A5F8-2A935EA3A999}.Ad-Hoc|iPhone.ActiveCfg = Release|Any CPU
		{9735BCE1-83C6-46AA-A5F8-2A935EA3A999}.Ad-Hoc|iPhoneSimulator.ActiveCfg = Release|Any CPU
		{9735BCE1-83C6-46AA-A5F8-2A935EA3A999}.Ad-Hoc|Mixed Platforms.ActiveCfg = Release|Any CPU
		{9735BCE1-83C6-46AA-A5F8-2A935EA3A999}.Ad-Hoc|Mixed Platforms.Build.0 = Release|Any CPU
		{9735BCE1-83C6-46AA-A5F8-2A935EA3A999}.Ad-Hoc|x86.ActiveCfg = Release|Any CPU
		{9735BCE1-83C6-46AA-A5F8-2A935EA3A999}.AppStore|Any CPU.ActiveCfg = Release|Any CPU
		{9735BCE1-83C6-46AA-A5F8-2A935EA3A999}.AppStore|Any CPU.Build.0 = Release|Any CPU
		{9735BCE1-83C6-46AA-A5F8-2A935EA3A999}.AppStore|ARM.ActiveCfg = Release|Any CPU
		{9735BCE1-83C6-46AA-A5F8-2A935EA3A999}.AppStore|iPhone.ActiveCfg = Release|Any CPU
		{9735BCE1-83C6-46AA-A5F8-2A935EA3A999}.AppStore|iPhoneSimulator.ActiveCfg = Release|Any CPU
		{9735BCE1-83C6-46AA-A5F8-2A935EA3A999}.AppStore|Mixed Platforms.ActiveCfg = Release|Any CPU
		{9735BCE1-83C6-46AA-A5F8-2A935EA3A999}.AppStore|Mixed Platforms.Build.0 = Release|Any CPU
		{9735BCE1-83C6-46AA-A5F8-2A935EA3A999}.AppStore|x86.ActiveCfg = Release|Any CPU
		{9735BCE1-83C6-46AA-A5F8-2A935EA3A999}.Debug|Any CPU.ActiveCfg = Debug|Any CPU
		{9735BCE1-83C6-46AA-A5F8-2A935EA3A999}.Debug|Any CPU.Build.0 = Debug|Any CPU
		{9735BCE1-83C6-46AA-A5F8-2A935EA3A999}.Debug|ARM.ActiveCfg = Debug|Any CPU
		{9735BCE1-83C6-46AA-A5F8-2A935EA3A999}.Debug|iPhone.ActiveCfg = Debug|Any CPU
		{9735BCE1-83C6-46AA-A5F8-2A935EA3A999}.Debug|iPhoneSimulator.ActiveCfg = Debug|Any CPU
		{9735BCE1-83C6-46AA-A5F8-2A935EA3A999}.Debug|Mixed Platforms.ActiveCfg = Debug|Any CPU
		{9735BCE1-83C6-46AA-A5F8-2A935EA3A999}.Debug|Mixed Platforms.Build.0 = Debug|Any CPU
		{9735BCE1-83C6-46AA-A5F8-2A935EA3A999}.Debug|x86.ActiveCfg = Debug|Any CPU
		{9735BCE1-83C6-46AA-A5F8-2A935EA3A999}.Release|Any CPU.ActiveCfg = Release|Any CPU
		{9735BCE1-83C6-46AA-A5F8-2A935EA3A999}.Release|Any CPU.Build.0 = Release|Any CPU
		{9735BCE1-83C6-46AA-A5F8-2A935EA3A999}.Release|ARM.ActiveCfg = Release|Any CPU
		{9735BCE1-83C6-46AA-A5F8-2A935EA3A999}.Release|iPhone.ActiveCfg = Release|Any CPU
		{9735BCE1-83C6-46AA-A5F8-2A935EA3A999}.Release|iPhoneSimulator.ActiveCfg = Release|Any CPU
		{9735BCE1-83C6-46AA-A5F8-2A935EA3A999}.Release|Mixed Platforms.ActiveCfg = Release|Any CPU
		{9735BCE1-83C6-46AA-A5F8-2A935EA3A999}.Release|Mixed Platforms.Build.0 = Release|Any CPU
		{9735BCE1-83C6-46AA-A5F8-2A935EA3A999}.Release|x86.ActiveCfg = Release|Any CPU
		{E347F77F-2964-4DB5-913A-3E6F1169275D}.Ad-Hoc|Any CPU.ActiveCfg = Release|Any CPU
		{E347F77F-2964-4DB5-913A-3E6F1169275D}.Ad-Hoc|Any CPU.Build.0 = Release|Any CPU
		{E347F77F-2964-4DB5-913A-3E6F1169275D}.Ad-Hoc|Any CPU.Deploy.0 = Release|Any CPU
		{E347F77F-2964-4DB5-913A-3E6F1169275D}.Ad-Hoc|ARM.ActiveCfg = Release|Any CPU
		{E347F77F-2964-4DB5-913A-3E6F1169275D}.Ad-Hoc|iPhone.ActiveCfg = Release|Any CPU
		{E347F77F-2964-4DB5-913A-3E6F1169275D}.Ad-Hoc|iPhoneSimulator.ActiveCfg = Release|Any CPU
		{E347F77F-2964-4DB5-913A-3E6F1169275D}.Ad-Hoc|Mixed Platforms.ActiveCfg = Release|Any CPU
		{E347F77F-2964-4DB5-913A-3E6F1169275D}.Ad-Hoc|Mixed Platforms.Build.0 = Release|Any CPU
		{E347F77F-2964-4DB5-913A-3E6F1169275D}.Ad-Hoc|Mixed Platforms.Deploy.0 = Release|Any CPU
		{E347F77F-2964-4DB5-913A-3E6F1169275D}.Ad-Hoc|x86.ActiveCfg = Release|Any CPU
		{E347F77F-2964-4DB5-913A-3E6F1169275D}.AppStore|Any CPU.ActiveCfg = Release|Any CPU
		{E347F77F-2964-4DB5-913A-3E6F1169275D}.AppStore|Any CPU.Build.0 = Release|Any CPU
		{E347F77F-2964-4DB5-913A-3E6F1169275D}.AppStore|Any CPU.Deploy.0 = Release|Any CPU
		{E347F77F-2964-4DB5-913A-3E6F1169275D}.AppStore|ARM.ActiveCfg = Release|Any CPU
		{E347F77F-2964-4DB5-913A-3E6F1169275D}.AppStore|iPhone.ActiveCfg = Release|Any CPU
		{E347F77F-2964-4DB5-913A-3E6F1169275D}.AppStore|iPhoneSimulator.ActiveCfg = Release|Any CPU
		{E347F77F-2964-4DB5-913A-3E6F1169275D}.AppStore|Mixed Platforms.ActiveCfg = Release|Any CPU
		{E347F77F-2964-4DB5-913A-3E6F1169275D}.AppStore|Mixed Platforms.Build.0 = Release|Any CPU
		{E347F77F-2964-4DB5-913A-3E6F1169275D}.AppStore|Mixed Platforms.Deploy.0 = Release|Any CPU
		{E347F77F-2964-4DB5-913A-3E6F1169275D}.AppStore|x86.ActiveCfg = Release|Any CPU
		{E347F77F-2964-4DB5-913A-3E6F1169275D}.Debug|Any CPU.ActiveCfg = Debug|Any CPU
		{E347F77F-2964-4DB5-913A-3E6F1169275D}.Debug|Any CPU.Build.0 = Debug|Any CPU
		{E347F77F-2964-4DB5-913A-3E6F1169275D}.Debug|Any CPU.Deploy.0 = Debug|Any CPU
		{E347F77F-2964-4DB5-913A-3E6F1169275D}.Debug|ARM.ActiveCfg = Debug|Any CPU
		{E347F77F-2964-4DB5-913A-3E6F1169275D}.Debug|iPhone.ActiveCfg = Debug|Any CPU
		{E347F77F-2964-4DB5-913A-3E6F1169275D}.Debug|iPhoneSimulator.ActiveCfg = Debug|Any CPU
		{E347F77F-2964-4DB5-913A-3E6F1169275D}.Debug|Mixed Platforms.ActiveCfg = Debug|Any CPU
		{E347F77F-2964-4DB5-913A-3E6F1169275D}.Debug|Mixed Platforms.Build.0 = Debug|Any CPU
		{E347F77F-2964-4DB5-913A-3E6F1169275D}.Debug|Mixed Platforms.Deploy.0 = Debug|Any CPU
		{E347F77F-2964-4DB5-913A-3E6F1169275D}.Debug|x86.ActiveCfg = Debug|Any CPU
		{E347F77F-2964-4DB5-913A-3E6F1169275D}.Release|Any CPU.ActiveCfg = Release|Any CPU
		{E347F77F-2964-4DB5-913A-3E6F1169275D}.Release|Any CPU.Build.0 = Release|Any CPU
		{E347F77F-2964-4DB5-913A-3E6F1169275D}.Release|Any CPU.Deploy.0 = Release|Any CPU
		{E347F77F-2964-4DB5-913A-3E6F1169275D}.Release|ARM.ActiveCfg = Release|Any CPU
		{E347F77F-2964-4DB5-913A-3E6F1169275D}.Release|iPhone.ActiveCfg = Release|Any CPU
		{E347F77F-2964-4DB5-913A-3E6F1169275D}.Release|iPhoneSimulator.ActiveCfg = Release|Any CPU
		{E347F77F-2964-4DB5-913A-3E6F1169275D}.Release|Mixed Platforms.ActiveCfg = Release|Any CPU
		{E347F77F-2964-4DB5-913A-3E6F1169275D}.Release|Mixed Platforms.Build.0 = Release|Any CPU
		{E347F77F-2964-4DB5-913A-3E6F1169275D}.Release|Mixed Platforms.Deploy.0 = Release|Any CPU
		{E347F77F-2964-4DB5-913A-3E6F1169275D}.Release|x86.ActiveCfg = Release|Any CPU
	EndGlobalSection
	GlobalSection(MonoDevelopProperties) = preSolution
		StartupItem = TechEdDemo\TechEdDemo.Android\TechEdDemo.Android.csproj
	EndGlobalSection
	GlobalSection(SolutionProperties) = preSolution
		HideSolutionNode = FALSE
	EndGlobalSection
EndGlobal
